
Microsoft Visual Studio Solution File, Format Version 12.00
# Visual Studio Version 16
VisualStudioVersion = 16.0.31129.286
MinimumVisualStudioVersion = 10.0.40219.1
Project("{FAE04EC0-301F-11D3-BF4B-00C04F79EFBC}") = "LinearCongruentialGenerator", "LinearCongruentialGenerator.csproj", "{42624BBB-67E5-4FF4-A92A-2AA3F7623755}"
EndProject
Project("{FAE04EC0-301F-11D3-BF4B-00C04F79EFBC}") = "LinearCongruentialGeneratorTest", "..\LinearCongruentialGeneratorTest\LinearCongruentialGeneratorTest.csproj", "{974759D3-2A9A-4ACA-9CFA-AC529DB38B99}"
EndProject
Global
	GlobalSection(SolutionConfigurationPlatforms) = preSolution
		Debug|Any CPU = Debug|Any CPU
		Release|Any CPU = Release|Any CPU
	EndGlobalSection
	GlobalSection(ProjectConfigurationPlatforms) = postSolution
		{42624BBB-67E5-4FF4-A92A-2AA3F7623755}.Debug|Any CPU.ActiveCfg = Debug|Any CPU
		{42624BBB-67E5-4FF4-A92A-2AA3F7623755}.Debug|Any CPU.Build.0 = Debug|Any CPU
		{42624BBB-67E5-4FF4-A92A-2AA3F7623755}.Release|Any CPU.ActiveCfg = Release|Any CPU
		{42624BBB-67E5-4FF4-A92A-2AA3F7623755}.Release|Any CPU.Build.0 = Release|Any CPU
		{974759D3-2A9A-4ACA-9CFA-AC529DB38B99}.Debug|Any CPU.ActiveCfg = Debug|Any CPU
		{974759D3-2A9A-4ACA-9CFA-AC529DB38B99}.Debug|Any CPU.Build.0 = Debug|Any CPU
		{974759D3-2A9A-4ACA-9CFA-AC529DB38B99}.Release|Any CPU.ActiveCfg = Release|Any CPU
		{974759D3-2A9A-4ACA-9CFA-AC529DB38B99}.Release|Any CPU.Build.0 = Release|Any CPU
	EndGlobalSection
	GlobalSection(SolutionProperties) = preSolution
		HideSolutionNode = FALSE
	EndGlobalSection
	GlobalSection(ExtensibilityGlobals) = postSolution
		SolutionGuid = {BCCD0D35-FC27-4178-8649-E390315F54F6}
	EndGlobalSection
EndGlobal
